
Microsoft Visual Studio Solution File, Format Version 12.00
# Visual Studio Version 17
VisualStudioVersion = 17.9.34728.123
MinimumVisualStudioVersion = 10.0.40219.1
Project("{9A19103F-16F7-4668-BE54-9A1E7A4F7556}") = "MobileStore.Api", "MobileStore.Api\MobileStore.Api.csproj", "{2550C1D8-2684-457F-AC53-982D31F15D21}"
EndProject
Project("{9A19103F-16F7-4668-BE54-9A1E7A4F7556}") = "MobileStore.Api.Model", "MobileStore.Api.Model\MobileStore.Api.Model.csproj", "{DF7B167D-B035-48CD-8AFA-40C212649EA1}"
EndProject
Project("{9A19103F-16F7-4668-BE54-9A1E7A4F7556}") = "MobileStore.Email.Service", "MobileStore.Email.Service\MobileStore.Email.Service.csproj", "{BA74153C-9E8C-4582-A496-0F73856CCEC4}"
EndProject
Project("{9A19103F-16F7-4668-BE54-9A1E7A4F7556}") = "MobileStore.Email.Contracts", "MobileStore.Email.Service.Model\MobileStore.Email.Contracts.csproj", "{5EE427E6-DA20-4CD2-94B4-F4A98F7F21F7}"
EndProject
Project("{E53339B2-1760-4266-BCC7-CA923CBCF16C}") = "docker-compose", "docker-compose.dcproj", "{3C8AC220-2134-4CA4-B709-85C31A3B447C}"
EndProject
Project("{9A19103F-16F7-4668-BE54-9A1E7A4F7556}") = "MobileStore.Configuration", "MobileStore.Configuration.Common\MobileStore.Configuration.csproj", "{6549592A-CFB4-4C06-88D2-8F55E4B6E100}"
EndProject
Project("{2150E333-8FDC-42A3-9474-1A3956D46DE8}") = "Modules", "Modules", "{02EA681E-C7D8-13C7-8484-4AC65E1B71E8}"
EndProject
Project("{FAE04EC0-301F-11D3-BF4B-00C04F79EFBC}") = "MobileStore.Orders", "MobileStore.Orders\MobileStore.Orders.csproj", "{4A2CB55D-A1BC-4072-A176-3EA647BA0593}"
EndProject
Project("{FAE04EC0-301F-11D3-BF4B-00C04F79EFBC}") = "MobileStore.Products", "MobileStore.Products\MobileStore.Products.csproj", "{3E8F8A20-8C8D-4B76-8E30-F242D7F00911}"
EndProject
Project("{FAE04EC0-301F-11D3-BF4B-00C04F79EFBC}") = "MobileStore.Customers", "MobileStore.Customers\MobileStore.Customers.csproj", "{5F9F5E76-3C0D-436E-824D-FA8E406214D7}"
EndProject
Project("{FAE04EC0-301F-11D3-BF4B-00C04F79EFBC}") = "MobileStore.Customers.Contracts", "MobileStore.Customers.Contracts\MobileStore.Customers.Contracts.csproj", "{A1553C6F-7880-4CAA-8D21-5A8DFCB5F0A0}"
EndProject
Project("{FAE04EC0-301F-11D3-BF4B-00C04F79EFBC}") = "MobileStore.Orders.Contracts", "MobileStore.Orders.Contracts\MobileStore.Orders.Contracts.csproj", "{3B1066B5-B7F9-408F-AE8F-B9F0C5AD81DA}"
EndProject
Project("{FAE04EC0-301F-11D3-BF4B-00C04F79EFBC}") = "MobileStore.Products.Contracts", "MobileStore.Products.Contracts\MobileStore.Products.Contracts.csproj", "{D5F07C1F-D275-468E-859D-CC85C84904DF}"
EndProject
Project("{2150E333-8FDC-42A3-9474-1A3956D46DE8}") = "Customers", "Customers", "{C359A245-D802-4030-AA90-C4473759D4D2}"
EndProject
Project("{2150E333-8FDC-42A3-9474-1A3956D46DE8}") = "Orders", "Orders", "{B8B16CF0-5C75-4ABF-AECA-38293E8CED43}"
EndProject
Project("{2150E333-8FDC-42A3-9474-1A3956D46DE8}") = "Products", "Products", "{1181BFAA-C007-4963-A0F0-E3D3334254E0}"
EndProject
Project("{2150E333-8FDC-42A3-9474-1A3956D46DE8}") = "Common", "Common", "{2DBD0A79-5229-4190-827B-91BC9A6B3F5A}"
EndProject
Project("{2150E333-8FDC-42A3-9474-1A3956D46DE8}") = "Services", "Services", "{DD0954A8-D508-42D1-8C07-8FA8817CB952}"
EndProject
Project("{2150E333-8FDC-42A3-9474-1A3956D46DE8}") = "Emails", "Emails", "{66A6CBB6-9F23-427C-85C5-D35B49C4C26F}"
EndProject
Global
	GlobalSection(SolutionConfigurationPlatforms) = preSolution
		Debug|Any CPU = Debug|Any CPU
		Debug|x64 = Debug|x64
		Debug|x86 = Debug|x86
		Release|Any CPU = Release|Any CPU
		Release|x64 = Release|x64
		Release|x86 = Release|x86
	EndGlobalSection
	GlobalSection(ProjectConfigurationPlatforms) = postSolution
		{2550C1D8-2684-457F-AC53-982D31F15D21}.Debug|Any CPU.ActiveCfg = Debug|Any CPU
		{2550C1D8-2684-457F-AC53-982D31F15D21}.Debug|Any CPU.Build.0 = Debug|Any CPU
		{2550C1D8-2684-457F-AC53-982D31F15D21}.Debug|x64.ActiveCfg = Debug|Any CPU
		{2550C1D8-2684-457F-AC53-982D31F15D21}.Debug|x64.Build.0 = Debug|Any CPU
		{2550C1D8-2684-457F-AC53-982D31F15D21}.Debug|x86.ActiveCfg = Debug|Any CPU
		{2550C1D8-2684-457F-AC53-982D31F15D21}.Debug|x86.Build.0 = Debug|Any CPU
		{2550C1D8-2684-457F-AC53-982D31F15D21}.Release|Any CPU.ActiveCfg = Release|Any CPU
		{2550C1D8-2684-457F-AC53-982D31F15D21}.Release|Any CPU.Build.0 = Release|Any CPU
		{2550C1D8-2684-457F-AC53-982D31F15D21}.Release|x64.ActiveCfg = Release|Any CPU
		{2550C1D8-2684-457F-AC53-982D31F15D21}.Release|x64.Build.0 = Release|Any CPU
		{2550C1D8-2684-457F-AC53-982D31F15D21}.Release|x86.ActiveCfg = Release|Any CPU
		{2550C1D8-2684-457F-AC53-982D31F15D21}.Release|x86.Build.0 = Release|Any CPU
		{DF7B167D-B035-48CD-8AFA-40C212649EA1}.Debug|Any CPU.ActiveCfg = Debug|Any CPU
		{DF7B167D-B035-48CD-8AFA-40C212649EA1}.Debug|Any CPU.Build.0 = Debug|Any CPU
		{DF7B167D-B035-48CD-8AFA-40C212649EA1}.Debug|x64.ActiveCfg = Debug|Any CPU
		{DF7B167D-B035-48CD-8AFA-40C212649EA1}.Debug|x64.Build.0 = Debug|Any CPU
		{DF7B167D-B035-48CD-8AFA-40C212649EA1}.Debug|x86.ActiveCfg = Debug|Any CPU
		{DF7B167D-B035-48CD-8AFA-40C212649EA1}.Debug|x86.Build.0 = Debug|Any CPU
		{DF7B167D-B035-48CD-8AFA-40C212649EA1}.Release|Any CPU.ActiveCfg = Release|Any CPU
		{DF7B167D-B035-48CD-8AFA-40C212649EA1}.Release|Any CPU.Build.0 = Release|Any CPU
		{DF7B167D-B035-48CD-8AFA-40C212649EA1}.Release|x64.ActiveCfg = Release|Any CPU
		{DF7B167D-B035-48CD-8AFA-40C212649EA1}.Release|x64.Build.0 = Release|Any CPU
		{DF7B167D-B035-48CD-8AFA-40C212649EA1}.Release|x86.ActiveCfg = Release|Any CPU
		{DF7B167D-B035-48CD-8AFA-40C212649EA1}.Release|x86.Build.0 = Release|Any CPU
		{BA74153C-9E8C-4582-A496-0F73856CCEC4}.Debug|Any CPU.ActiveCfg = Debug|Any CPU
		{BA74153C-9E8C-4582-A496-0F73856CCEC4}.Debug|Any CPU.Build.0 = Debug|Any CPU
		{BA74153C-9E8C-4582-A496-0F73856CCEC4}.Debug|x64.ActiveCfg = Debug|Any CPU
		{BA74153C-9E8C-4582-A496-0F73856CCEC4}.Debug|x64.Build.0 = Debug|Any CPU
		{BA74153C-9E8C-4582-A496-0F73856CCEC4}.Debug|x86.ActiveCfg = Debug|Any CPU
		{BA74153C-9E8C-4582-A496-0F73856CCEC4}.Debug|x86.Build.0 = Debug|Any CPU
		{BA74153C-9E8C-4582-A496-0F73856CCEC4}.Release|Any CPU.ActiveCfg = Release|Any CPU
		{BA74153C-9E8C-4582-A496-0F73856CCEC4}.Release|Any CPU.Build.0 = Release|Any CPU
		{BA74153C-9E8C-4582-A496-0F73856CCEC4}.Release|x64.ActiveCfg = Release|Any CPU
		{BA74153C-9E8C-4582-A496-0F73856CCEC4}.Release|x64.Build.0 = Release|Any CPU
		{BA74153C-9E8C-4582-A496-0F73856CCEC4}.Release|x86.ActiveCfg = Release|Any CPU
		{BA74153C-9E8C-4582-A496-0F73856CCEC4}.Release|x86.Build.0 = Release|Any CPU
		{5EE427E6-DA20-4CD2-94B4-F4A98F7F21F7}.Debug|Any CPU.ActiveCfg = Debug|Any CPU
		{5EE427E6-DA20-4CD2-94B4-F4A98F7F21F7}.Debug|Any CPU.Build.0 = Debug|Any CPU
		{5EE427E6-DA20-4CD2-94B4-F4A98F7F21F7}.Debug|x64.ActiveCfg = Debug|Any CPU
		{5EE427E6-DA20-4CD2-94B4-F4A98F7F21F7}.Debug|x64.Build.0 = Debug|Any CPU
		{5EE427E6-DA20-4CD2-94B4-F4A98F7F21F7}.Debug|x86.ActiveCfg = Debug|Any CPU
		{5EE427E6-DA20-4CD2-94B4-F4A98F7F21F7}.Debug|x86.Build.0 = Debug|Any CPU
		{5EE427E6-DA20-4CD2-94B4-F4A98F7F21F7}.Release|Any CPU.ActiveCfg = Release|Any CPU
		{5EE427E6-DA20-4CD2-94B4-F4A98F7F21F7}.Release|Any CPU.Build.0 = Release|Any CPU
		{5EE427E6-DA20-4CD2-94B4-F4A98F7F21F7}.Release|x64.ActiveCfg = Release|Any CPU
		{5EE427E6-DA20-4CD2-94B4-F4A98F7F21F7}.Release|x64.Build.0 = Release|Any CPU
		{5EE427E6-DA20-4CD2-94B4-F4A98F7F21F7}.Release|x86.ActiveCfg = Release|Any CPU
		{5EE427E6-DA20-4CD2-94B4-F4A98F7F21F7}.Release|x86.Build.0 = Release|Any CPU
		{3C8AC220-2134-4CA4-B709-85C31A3B447C}.Debug|Any CPU.ActiveCfg = Debug|Any CPU
		{3C8AC220-2134-4CA4-B709-85C31A3B447C}.Debug|Any CPU.Build.0 = Debug|Any CPU
		{3C8AC220-2134-4CA4-B709-85C31A3B447C}.Debug|x64.ActiveCfg = Debug|x64
		{3C8AC220-2134-4CA4-B709-85C31A3B447C}.Debug|x86.ActiveCfg = Debug|x86
		{3C8AC220-2134-4CA4-B709-85C31A3B447C}.Release|Any CPU.ActiveCfg = Release|Any CPU
		{3C8AC220-2134-4CA4-B709-85C31A3B447C}.Release|Any CPU.Build.0 = Release|Any CPU
		{3C8AC220-2134-4CA4-B709-85C31A3B447C}.Release|x64.ActiveCfg = Release|x64
		{3C8AC220-2134-4CA4-B709-85C31A3B447C}.Release|x86.ActiveCfg = Release|x86
		{6549592A-CFB4-4C06-88D2-8F55E4B6E100}.Debug|Any CPU.ActiveCfg = Debug|Any CPU
		{6549592A-CFB4-4C06-88D2-8F55E4B6E100}.Debug|Any CPU.Build.0 = Debug|Any CPU
		{6549592A-CFB4-4C06-88D2-8F55E4B6E100}.Debug|x64.ActiveCfg = Debug|Any CPU
		{6549592A-CFB4-4C06-88D2-8F55E4B6E100}.Debug|x64.Build.0 = Debug|Any CPU
		{6549592A-CFB4-4C06-88D2-8F55E4B6E100}.Debug|x86.ActiveCfg = Debug|Any CPU
		{6549592A-CFB4-4C06-88D2-8F55E4B6E100}.Debug|x86.Build.0 = Debug|Any CPU
		{6549592A-CFB4-4C06-88D2-8F55E4B6E100}.Release|Any CPU.ActiveCfg = Release|Any CPU
		{6549592A-CFB4-4C06-88D2-8F55E4B6E100}.Release|Any CPU.Build.0 = Release|Any CPU
		{6549592A-CFB4-4C06-88D2-8F55E4B6E100}.Release|x64.ActiveCfg = Release|Any CPU
		{6549592A-CFB4-4C06-88D2-8F55E4B6E100}.Release|x64.Build.0 = Release|Any CPU
		{6549592A-CFB4-4C06-88D2-8F55E4B6E100}.Release|x86.ActiveCfg = Release|Any CPU
		{6549592A-CFB4-4C06-88D2-8F55E4B6E100}.Release|x86.Build.0 = Release|Any CPU
		{4A2CB55D-A1BC-4072-A176-3EA647BA0593}.Debug|Any CPU.ActiveCfg = Debug|Any CPU
		{4A2CB55D-A1BC-4072-A176-3EA647BA0593}.Debug|Any CPU.Build.0 = Debug|Any CPU
		{4A2CB55D-A1BC-4072-A176-3EA647BA0593}.Debug|x64.ActiveCfg = Debug|Any CPU
		{4A2CB55D-A1BC-4072-A176-3EA647BA0593}.Debug|x64.Build.0 = Debug|Any CPU
		{4A2CB55D-A1BC-4072-A176-3EA647BA0593}.Debug|x86.ActiveCfg = Debug|Any CPU
		{4A2CB55D-A1BC-4072-A176-3EA647BA0593}.Debug|x86.Build.0 = Debug|Any CPU
		{4A2CB55D-A1BC-4072-A176-3EA647BA0593}.Release|Any CPU.ActiveCfg = Release|Any CPU
		{4A2CB55D-A1BC-4072-A176-3EA647BA0593}.Release|Any CPU.Build.0 = Release|Any CPU
		{4A2CB55D-A1BC-4072-A176-3EA647BA0593}.Release|x64.ActiveCfg = Release|Any CPU
		{4A2CB55D-A1BC-4072-A176-3EA647BA0593}.Release|x64.Build.0 = Release|Any CPU
		{4A2CB55D-A1BC-4072-A176-3EA647BA0593}.Release|x86.ActiveCfg = Release|Any CPU
		{4A2CB55D-A1BC-4072-A176-3EA647BA0593}.Release|x86.Build.0 = Release|Any CPU
		{3E8F8A20-8C8D-4B76-8E30-F242D7F00911}.Debug|Any CPU.ActiveCfg = Debug|Any CPU
		{3E8F8A20-8C8D-4B76-8E30-F242D7F00911}.Debug|Any CPU.Build.0 = Debug|Any CPU
		{3E8F8A20-8C8D-4B76-8E30-F242D7F00911}.Debug|x64.ActiveCfg = Debug|Any CPU
		{3E8F8A20-8C8D-4B76-8E30-F242D7F00911}.Debug|x64.Build.0 = Debug|Any CPU
		{3E8F8A20-8C8D-4B76-8E30-F242D7F00911}.Debug|x86.ActiveCfg = Debug|Any CPU
		{3E8F8A20-8C8D-4B76-8E30-F242D7F00911}.Debug|x86.Build.0 = Debug|Any CPU
		{3E8F8A20-8C8D-4B76-8E30-F242D7F00911}.Release|Any CPU.ActiveCfg = Release|Any CPU
		{3E8F8A20-8C8D-4B76-8E30-F242D7F00911}.Release|Any CPU.Build.0 = Release|Any CPU
		{3E8F8A20-8C8D-4B76-8E30-F242D7F00911}.Release|x64.ActiveCfg = Release|Any CPU
		{3E8F8A20-8C8D-4B76-8E30-F242D7F00911}.Release|x64.Build.0 = Release|Any CPU
		{3E8F8A20-8C8D-4B76-8E30-F242D7F00911}.Release|x86.ActiveCfg = Release|Any CPU
		{3E8F8A20-8C8D-4B76-8E30-F242D7F00911}.Release|x86.Build.0 = Release|Any CPU
		{5F9F5E76-3C0D-436E-824D-FA8E406214D7}.Debug|Any CPU.ActiveCfg = Debug|Any CPU
		{5F9F5E76-3C0D-436E-824D-FA8E406214D7}.Debug|Any CPU.Build.0 = Debug|Any CPU
		{5F9F5E76-3C0D-436E-824D-FA8E406214D7}.Debug|x64.ActiveCfg = Debug|Any CPU
		{5F9F5E76-3C0D-436E-824D-FA8E406214D7}.Debug|x64.Build.0 = Debug|Any CPU
		{5F9F5E76-3C0D-436E-824D-FA8E406214D7}.Debug|x86.ActiveCfg = Debug|Any CPU
		{5F9F5E76-3C0D-436E-824D-FA8E406214D7}.Debug|x86.Build.0 = Debug|Any CPU
		{5F9F5E76-3C0D-436E-824D-FA8E406214D7}.Release|Any CPU.ActiveCfg = Release|Any CPU
		{5F9F5E76-3C0D-436E-824D-FA8E406214D7}.Release|Any CPU.Build.0 = Release|Any CPU
		{5F9F5E76-3C0D-436E-824D-FA8E406214D7}.Release|x64.ActiveCfg = Release|Any CPU
		{5F9F5E76-3C0D-436E-824D-FA8E406214D7}.Release|x64.Build.0 = Release|Any CPU
		{5F9F5E76-3C0D-436E-824D-FA8E406214D7}.Release|x86.ActiveCfg = Release|Any CPU
		{5F9F5E76-3C0D-436E-824D-FA8E406214D7}.Release|x86.Build.0 = Release|Any CPU
		{A1553C6F-7880-4CAA-8D21-5A8DFCB5F0A0}.Debug|Any CPU.ActiveCfg = Debug|Any CPU
		{A1553C6F-7880-4CAA-8D21-5A8DFCB5F0A0}.Debug|Any CPU.Build.0 = Debug|Any CPU
		{A1553C6F-7880-4CAA-8D21-5A8DFCB5F0A0}.Debug|x64.ActiveCfg = Debug|Any CPU
		{A1553C6F-7880-4CAA-8D21-5A8DFCB5F0A0}.Debug|x64.Build.0 = Debug|Any CPU
		{A1553C6F-7880-4CAA-8D21-5A8DFCB5F0A0}.Debug|x86.ActiveCfg = Debug|Any CPU
		{A1553C6F-7880-4CAA-8D21-5A8DFCB5F0A0}.Debug|x86.Build.0 = Debug|Any CPU
		{A1553C6F-7880-4CAA-8D21-5A8DFCB5F0A0}.Release|Any CPU.ActiveCfg = Release|Any CPU
		{A1553C6F-7880-4CAA-8D21-5A8DFCB5F0A0}.Release|Any CPU.Build.0 = Release|Any CPU
		{A1553C6F-7880-4CAA-8D21-5A8DFCB5F0A0}.Release|x64.ActiveCfg = Release|Any CPU
		{A1553C6F-7880-4CAA-8D21-5A8DFCB5F0A0}.Release|x64.Build.0 = Release|Any CPU
		{A1553C6F-7880-4CAA-8D21-5A8DFCB5F0A0}.Release|x86.ActiveCfg = Release|Any CPU
		{A1553C6F-7880-4CAA-8D21-5A8DFCB5F0A0}.Release|x86.Build.0 = Release|Any CPU
		{3B1066B5-B7F9-408F-AE8F-B9F0C5AD81DA}.Debug|Any CPU.ActiveCfg = Debug|Any CPU
		{3B1066B5-B7F9-408F-AE8F-B9F0C5AD81DA}.Debug|Any CPU.Build.0 = Debug|Any CPU
		{3B1066B5-B7F9-408F-AE8F-B9F0C5AD81DA}.Debug|x64.ActiveCfg = Debug|Any CPU
		{3B1066B5-B7F9-408F-AE8F-B9F0C5AD81DA}.Debug|x64.Build.0 = Debug|Any CPU
		{3B1066B5-B7F9-408F-AE8F-B9F0C5AD81DA}.Debug|x86.ActiveCfg = Debug|Any CPU
		{3B1066B5-B7F9-408F-AE8F-B9F0C5AD81DA}.Debug|x86.Build.0 = Debug|Any CPU
		{3B1066B5-B7F9-408F-AE8F-B9F0C5AD81DA}.Release|Any CPU.ActiveCfg = Release|Any CPU
		{3B1066B5-B7F9-408F-AE8F-B9F0C5AD81DA}.Release|Any CPU.Build.0 = Release|Any CPU
		{3B1066B5-B7F9-408F-AE8F-B9F0C5AD81DA}.Release|x64.ActiveCfg = Release|Any CPU
		{3B1066B5-B7F9-408F-AE8F-B9F0C5AD81DA}.Release|x64.Build.0 = Release|Any CPU
		{3B1066B5-B7F9-408F-AE8F-B9F0C5AD81DA}.Release|x86.ActiveCfg = Release|Any CPU
		{3B1066B5-B7F9-408F-AE8F-B9F0C5AD81DA}.Release|x86.Build.0 = Release|Any CPU
		{D5F07C1F-D275-468E-859D-CC85C84904DF}.Debug|Any CPU.ActiveCfg = Debug|Any CPU
		{D5F07C1F-D275-468E-859D-CC85C84904DF}.Debug|Any CPU.Build.0 = Debug|Any CPU
		{D5F07C1F-D275-468E-859D-CC85C84904DF}.Debug|x64.ActiveCfg = Debug|Any CPU
		{D5F07C1F-D275-468E-859D-CC85C84904DF}.Debug|x64.Build.0 = Debug|Any CPU
		{D5F07C1F-D275-468E-859D-CC85C84904DF}.Debug|x86.ActiveCfg = Debug|Any CPU
		{D5F07C1F-D275-468E-859D-CC85C84904DF}.Debug|x86.Build.0 = Debug|Any CPU
		{D5F07C1F-D275-468E-859D-CC85C84904DF}.Release|Any CPU.ActiveCfg = Release|Any CPU
		{D5F07C1F-D275-468E-859D-CC85C84904DF}.Release|Any CPU.Build.0 = Release|Any CPU
		{D5F07C1F-D275-468E-859D-CC85C84904DF}.Release|x64.ActiveCfg = Release|Any CPU
		{D5F07C1F-D275-468E-859D-CC85C84904DF}.Release|x64.Build.0 = Release|Any CPU
		{D5F07C1F-D275-468E-859D-CC85C84904DF}.Release|x86.ActiveCfg = Release|Any CPU
		{D5F07C1F-D275-468E-859D-CC85C84904DF}.Release|x86.Build.0 = Release|Any CPU
	EndGlobalSection
	GlobalSection(SolutionProperties) = preSolution
		HideSolutionNode = FALSE
	EndGlobalSection
	GlobalSection(NestedProjects) = preSolution
		{DF7B167D-B035-48CD-8AFA-40C212649EA1} = {2DBD0A79-5229-4190-827B-91BC9A6B3F5A}
		{BA74153C-9E8C-4582-A496-0F73856CCEC4} = {DD0954A8-D508-42D1-8C07-8FA8817CB952}
		{5EE427E6-DA20-4CD2-94B4-F4A98F7F21F7} = {66A6CBB6-9F23-427C-85C5-D35B49C4C26F}
		{6549592A-CFB4-4C06-88D2-8F55E4B6E100} = {2DBD0A79-5229-4190-827B-91BC9A6B3F5A}
		{4A2CB55D-A1BC-4072-A176-3EA647BA0593} = {B8B16CF0-5C75-4ABF-AECA-38293E8CED43}
		{3E8F8A20-8C8D-4B76-8E30-F242D7F00911} = {1181BFAA-C007-4963-A0F0-E3D3334254E0}
		{5F9F5E76-3C0D-436E-824D-FA8E406214D7} = {C359A245-D802-4030-AA90-C4473759D4D2}
		{A1553C6F-7880-4CAA-8D21-5A8DFCB5F0A0} = {C359A245-D802-4030-AA90-C4473759D4D2}
		{3B1066B5-B7F9-408F-AE8F-B9F0C5AD81DA} = {B8B16CF0-5C75-4ABF-AECA-38293E8CED43}
		{D5F07C1F-D275-468E-859D-CC85C84904DF} = {1181BFAA-C007-4963-A0F0-E3D3334254E0}
		{C359A245-D802-4030-AA90-C4473759D4D2} = {02EA681E-C7D8-13C7-8484-4AC65E1B71E8}
		{B8B16CF0-5C75-4ABF-AECA-38293E8CED43} = {02EA681E-C7D8-13C7-8484-4AC65E1B71E8}
		{1181BFAA-C007-4963-A0F0-E3D3334254E0} = {02EA681E-C7D8-13C7-8484-4AC65E1B71E8}
		{66A6CBB6-9F23-427C-85C5-D35B49C4C26F} = {02EA681E-C7D8-13C7-8484-4AC65E1B71E8}
	EndGlobalSection
	GlobalSection(ExtensibilityGlobals) = postSolution
		SolutionGuid = {1E74DAEC-E8C2-48AB-86C8-292F702C5037}
	EndGlobalSection
EndGlobal
